
Microsoft Visual Studio Solution File, Format Version 12.00
# Visual Studio Version 16
VisualStudioVersion = 16.0.30204.135
MinimumVisualStudioVersion = 10.0.40219.1
Project("{FAE04EC0-301F-11D3-BF4B-00C04F79EFBC}") = "WindowsFormsApp1", "WindowsFormsApp1\WindowsFormsApp1.csproj", "{FCCA13B3-C218-4C25-B34B-1F8BDD855A64}"
EndProject
Global
	GlobalSection(SolutionConfigurationPlatforms) = preSolution
		Debug|Any CPU = Debug|Any CPU
		Release|Any CPU = Release|Any CPU
	EndGlobalSection
	GlobalSection(ProjectConfigurationPlatforms) = postSolution
		{FCCA13B3-C218-4C25-B34B-1F8BDD855A64}.Debug|Any CPU.ActiveCfg = Debug|Any CPU
		{FCCA13B3-C218-4C25-B34B-1F8BDD855A64}.Debug|Any CPU.Build.0 = Debug|Any CPU
		{FCCA13B3-C218-4C25-B34B-1F8BDD855A64}.Release|Any CPU.ActiveCfg = Release|Any CPU
		{FCCA13B3-C218-4C25-B34B-1F8BDD855A64}.Release|Any CPU.Build.0 = Release|Any CPU
	EndGlobalSection
	GlobalSection(SolutionProperties) = preSolution
		HideSolutionNode = FALSE
	EndGlobalSection
	GlobalSection(ExtensibilityGlobals) = postSolution
		SolutionGuid = {51FC99F7-58BD-49A9-965C-77D36A37077D}
	EndGlobalSection
EndGlobal
